// !$*UTF8*$!
{
	archiveVersion = 1;
	classes = {
	};
	objectVersion = 46;
	objects = {

/* Begin PBXBuildFile section */
		5FD7BDE21F2AE1190076C7A0 /* AppDelegate.swift in Sources */ = {isa = PBXBuildFile; fileRef = 5FD7BDE11F2AE1190076C7A0 /* AppDelegate.swift */; };
		5FD7BDE41F2AE1190076C7A0 /* ViewController.swift in Sources */ = {isa = PBXBuildFile; fileRef = 5FD7BDE31F2AE1190076C7A0 /* ViewController.swift */; };
		5FD7BDE71F2AE1190076C7A0 /* Main.storyboard in Resources */ = {isa = PBXBuildFile; fileRef = 5FD7BDE51F2AE1190076C7A0 /* Main.storyboard */; };
		5FD7BDE91F2AE1190076C7A0 /* Assets.xcassets in Resources */ = {isa = PBXBuildFile; fileRef = 5FD7BDE81F2AE1190076C7A0 /* Assets.xcassets */; };
		5FD7BDEC1F2AE1190076C7A0 /* LaunchScreen.storyboard in Resources */ = {isa = PBXBuildFile; fileRef = 5FD7BDEA1F2AE1190076C7A0 /* LaunchScreen.storyboard */; };
		5FD7BDF41F2AE2760076C7A0 /* PKRU.png in Resources */ = {isa = PBXBuildFile; fileRef = 5FD7BDF31F2AE2760076C7A0 /* PKRU.png */; };
		5FD7BDF61F2AE5130076C7A0 /* bg_pkru.png in Resources */ = {isa = PBXBuildFile; fileRef = 5FD7BDF51F2AE5130076C7A0 /* bg_pkru.png */; };
		5FD7BDFA1F2AF3670076C7A0 /* ic_fingerprint_2x.png in Resources */ = {isa = PBXBuildFile; fileRef = 5FD7BDF71F2AF3670076C7A0 /* ic_fingerprint_2x.png */; };
		5FD7BDFB1F2AF3670076C7A0 /* ic_fingerprint_3x.png in Resources */ = {isa = PBXBuildFile; fileRef = 5FD7BDF81F2AF3670076C7A0 /* ic_fingerprint_3x.png */; };
		5FD7BDFC1F2AF3670076C7A0 /* ic_fingerprint.png in Resources */ = {isa = PBXBuildFile; fileRef = 5FD7BDF91F2AF3670076C7A0 /* ic_fingerprint.png */; };
		5FD7BE001F2AF4500076C7A0 /* ic_group_add_2x.png in Resources */ = {isa = PBXBuildFile; fileRef = 5FD7BDFD1F2AF4500076C7A0 /* ic_group_add_2x.png */; };
		5FD7BE011F2AF4500076C7A0 /* ic_group_add_3x.png in Resources */ = {isa = PBXBuildFile; fileRef = 5FD7BDFE1F2AF4500076C7A0 /* ic_group_add_3x.png */; };
		5FD7BE021F2AF4500076C7A0 /* ic_group_add.png in Resources */ = {isa = PBXBuildFile; fileRef = 5FD7BDFF1F2AF4500076C7A0 /* ic_group_add.png */; };
		5FD7BE041F2AF5770076C7A0 /* SignUpViewController.swift in Sources */ = {isa = PBXBuildFile; fileRef = 5FD7BE031F2AF5770076C7A0 /* SignUpViewController.swift */; };
		5FD7BE081F2AF7620076C7A0 /* ic_keyboard_arrow_left_2x.png in Resources */ = {isa = PBXBuildFile; fileRef = 5FD7BE051F2AF7620076C7A0 /* ic_keyboard_arrow_left_2x.png */; };
		5FD7BE091F2AF7620076C7A0 /* ic_keyboard_arrow_left_3x.png in Resources */ = {isa = PBXBuildFile; fileRef = 5FD7BE061F2AF7620076C7A0 /* ic_keyboard_arrow_left_3x.png */; };
		5FD7BE0A1F2AF7620076C7A0 /* ic_keyboard_arrow_left.png in Resources */ = {isa = PBXBuildFile; fileRef = 5FD7BE071F2AF7620076C7A0 /* ic_keyboard_arrow_left.png */; };
/* End PBXBuildFile section */

/* Begin PBXFileReference section */
		5FD7BDDE1F2AE1190076C7A0 /* PKRU Service.app */ = {isa = PBXFileReference; explicitFileType = wrapper.application; includeInIndex = 0; path = "PKRU Service.app"; sourceTree = BUILT_PRODUCTS_DIR; };
		5FD7BDE11F2AE1190076C7A0 /* AppDelegate.swift */ = {isa = PBXFileReference; lastKnownFileType = sourcecode.swift; path = AppDelegate.swift; sourceTree = "<group>"; };
		5FD7BDE31F2AE1190076C7A0 /* ViewController.swift */ = {isa = PBXFileReference; lastKnownFileType = sourcecode.swift; path = ViewController.swift; sourceTree = "<group>"; };
		5FD7BDE61F2AE1190076C7A0 /* Base */ = {isa = PBXFileReference; lastKnownFileType = file.storyboard; name = Base; path = Base.lproj/Main.storyboard; sourceTree = "<group>"; };
		5FD7BDE81F2AE1190076C7A0 /* Assets.xcassets */ = {isa = PBXFileReference; lastKnownFileType = folder.assetcatalog; path = Assets.xcassets; sourceTree = "<group>"; };
		5FD7BDEB1F2AE1190076C7A0 /* Base */ = {isa = PBXFileReference; lastKnownFileType = file.storyboard; name = Base; path = Base.lproj/LaunchScreen.storyboard; sourceTree = "<group>"; };
		5FD7BDED1F2AE1190076C7A0 /* Info.plist */ = {isa = PBXFileReference; lastKnownFileType = text.plist.xml; path = Info.plist; sourceTree = "<group>"; };
		5FD7BDF31F2AE2760076C7A0 /* PKRU.png */ = {isa = PBXFileReference; lastKnownFileType = image.png; name = PKRU.png; path = ../../../PKRU.png; sourceTree = "<group>"; };
		5FD7BDF51F2AE5130076C7A0 /* bg_pkru.png */ = {isa = PBXFileReference; lastKnownFileType = image.png; name = bg_pkru.png; path = ../../../bg_pkru.png; sourceTree = "<group>"; };
		5FD7BDF71F2AF3670076C7A0 /* ic_fingerprint_2x.png */ = {isa = PBXFileReference; lastKnownFileType = image.png; name = ic_fingerprint_2x.png; path = ../../../../Downloads/ic_fingerprint_black_24dp/ios/ic_fingerprint.imageset/ic_fingerprint_2x.png; sourceTree = "<group>"; };
		5FD7BDF81F2AF3670076C7A0 /* ic_fingerprint_3x.png */ = {isa = PBXFileReference; lastKnownFileType = image.png; name = ic_fingerprint_3x.png; path = ../../../../Downloads/ic_fingerprint_black_24dp/ios/ic_fingerprint.imageset/ic_fingerprint_3x.png; sourceTree = "<group>"; };
		5FD7BDF91F2AF3670076C7A0 /* ic_fingerprint.png */ = {isa = PBXFileReference; lastKnownFileType = image.png; name = ic_fingerprint.png; path = ../../../../Downloads/ic_fingerprint_black_24dp/ios/ic_fingerprint.imageset/ic_fingerprint.png; sourceTree = "<group>"; };
		5FD7BDFD1F2AF4500076C7A0 /* ic_group_add_2x.png */ = {isa = PBXFileReference; lastKnownFileType = image.png; name = ic_group_add_2x.png; path = ../../../../Downloads/ic_group_add_black_24dp/ios/ic_group_add.imageset/ic_group_add_2x.png; sourceTree = "<group>"; };
		5FD7BDFE1F2AF4500076C7A0 /* ic_group_add_3x.png */ = {isa = PBXFileReference; lastKnownFileType = image.png; name = ic_group_add_3x.png; path = ../../../../Downloads/ic_group_add_black_24dp/ios/ic_group_add.imageset/ic_group_add_3x.png; sourceTree = "<group>"; };
		5FD7BDFF1F2AF4500076C7A0 /* ic_group_add.png */ = {isa = PBXFileReference; lastKnownFileType = image.png; name = ic_group_add.png; path = ../../../../Downloads/ic_group_add_black_24dp/ios/ic_group_add.imageset/ic_group_add.png; sourceTree = "<group>"; };
		5FD7BE031F2AF5770076C7A0 /* SignUpViewController.swift */ = {isa = PBXFileReference; fileEncoding = 4; lastKnownFileType = sourcecode.swift; path = SignUpViewController.swift; sourceTree = "<group>"; };
		5FD7BE051F2AF7620076C7A0 /* ic_keyboard_arrow_left_2x.png */ = {isa = PBXFileReference; lastKnownFileType = image.png; name = ic_keyboard_arrow_left_2x.png; path = ../../../../Downloads/ic_keyboard_arrow_left_black_24dp/ios/ic_keyboard_arrow_left.imageset/ic_keyboard_arrow_left_2x.png; sourceTree = "<group>"; };
		5FD7BE061F2AF7620076C7A0 /* ic_keyboard_arrow_left_3x.png */ = {isa = PBXFileReference; lastKnownFileType = image.png; name = ic_keyboard_arrow_left_3x.png; path = ../../../../Downloads/ic_keyboard_arrow_left_black_24dp/ios/ic_keyboard_arrow_left.imageset/ic_keyboard_arrow_left_3x.png; sourceTree = "<group>"; };
		5FD7BE071F2AF7620076C7A0 /* ic_keyboard_arrow_left.png */ = {isa = PBXFileReference; lastKnownFileType = image.png; name = ic_keyboard_arrow_left.png; path = ../../../../Downloads/ic_keyboard_arrow_left_black_24dp/ios/ic_keyboard_arrow_left.imageset/ic_keyboard_arrow_left.png; sourceTree = "<group>"; };
/* End PBXFileReference section */

/* Begin PBXFrameworksBuildPhase section */
		5FD7BDDB1F2AE1190076C7A0 /* Frameworks */ = {
			isa = PBXFrameworksBuildPhase;
			buildActionMask = 2147483647;
			files = (
			);
			runOnlyForDeploymentPostprocessing = 0;
		};
/* End PBXFrameworksBuildPhase section */

/* Begin PBXGroup section */
		5FD7BDD51F2AE1190076C7A0 = {
			isa = PBXGroup;
			children = (
				5FD7BE031F2AF5770076C7A0 /* SignUpViewController.swift */,
				5FD7BDE01F2AE1190076C7A0 /* PKRU Service */,
				5FD7BDDF1F2AE1190076C7A0 /* Products */,
			);
			sourceTree = "<group>";
		};
		5FD7BDDF1F2AE1190076C7A0 /* Products */ = {
			isa = PBXGroup;
			children = (
				5FD7BDDE1F2AE1190076C7A0 /* PKRU Service.app */,
			);
			name = Products;
			sourceTree = "<group>";
		};
		5FD7BDE01F2AE1190076C7A0 /* PKRU Service */ = {
			isa = PBXGroup;
			children = (
				5FD7BDE11F2AE1190076C7A0 /* AppDelegate.swift */,
				5FD7BDF51F2AE5130076C7A0 /* bg_pkru.png */,
				5FD7BDF31F2AE2760076C7A0 /* PKRU.png */,
				5FD7BDF71F2AF3670076C7A0 /* ic_fingerprint_2x.png */,
				5FD7BDF81F2AF3670076C7A0 /* ic_fingerprint_3x.png */,
				5FD7BDF91F2AF3670076C7A0 /* ic_fingerprint.png */,
				5FD7BDFD1F2AF4500076C7A0 /* ic_group_add_2x.png */,
				5FD7BDFE1F2AF4500076C7A0 /* ic_group_add_3x.png */,
				5FD7BDFF1F2AF4500076C7A0 /* ic_group_add.png */,
				5FD7BE051F2AF7620076C7A0 /* ic_keyboard_arrow_left_2x.png */,
				5FD7BE061F2AF7620076C7A0 /* ic_keyboard_arrow_left_3x.png */,
				5FD7BE071F2AF7620076C7A0 /* ic_keyboard_arrow_left.png */,
				5FD7BDE31F2AE1190076C7A0 /* ViewController.swift */,
				5FD7BDE51F2AE1190076C7A0 /* Main.storyboard */,
				5FD7BDE81F2AE1190076C7A0 /* Assets.xcassets */,
				5FD7BDEA1F2AE1190076C7A0 /* LaunchScreen.storyboard */,
				5FD7BDED1F2AE1190076C7A0 /* Info.plist */,
			);
			path = "PKRU Service";
			sourceTree = "<group>";
		};
/* End PBXGroup section */

/* Begin PBXNativeTarget section */
		5FD7BDDD1F2AE1190076C7A0 /* PKRU Service */ = {
			isa = PBXNativeTarget;
			buildConfigurationList = 5FD7BDF01F2AE1190076C7A0 /* Build configuration list for PBXNativeTarget "PKRU Service" */;
			buildPhases = (
				5FD7BDDA1F2AE1190076C7A0 /* Sources */,
				5FD7BDDB1F2AE1190076C7A0 /* Frameworks */,
				5FD7BDDC1F2AE1190076C7A0 /* Resources */,
			);
			buildRules = (
			);
			dependencies = (
			);
			name = "PKRU Service";
			productName = "PKRU Service";
			productReference = 5FD7BDDE1F2AE1190076C7A0 /* PKRU Service.app */;
			productType = "com.apple.product-type.application";
		};
/* End PBXNativeTarget section */

/* Begin PBXProject section */
		5FD7BDD61F2AE1190076C7A0 /* Project object */ = {
			isa = PBXProject;
			attributes = {
				LastSwiftUpdateCheck = 0830;
				LastUpgradeCheck = 0830;
				ORGANIZATIONNAME = "Com 05";
				TargetAttributes = {
					5FD7BDDD1F2AE1190076C7A0 = {
						CreatedOnToolsVersion = 8.3.3;
						ProvisioningStyle = Automatic;
					};
				};
			};
			buildConfigurationList = 5FD7BDD91F2AE1190076C7A0 /* Build configuration list for PBXProject "PKRU Service" */;
			compatibilityVersion = "Xcode 3.2";
			developmentRegion = English;
			hasScannedForEncodings = 0;
			knownRegions = (
				en,
				Base,
			);
			mainGroup = 5FD7BDD51F2AE1190076C7A0;
			productRefGroup = 5FD7BDDF1F2AE1190076C7A0 /* Products */;
			projectDirPath = "";
			projectRoot = "";
			targets = (
				5FD7BDDD1F2AE1190076C7A0 /* PKRU Service */,
			);
		};
/* End PBXProject section */

/* Begin PBXResourcesBuildPhase section */
		5FD7BDDC1F2AE1190076C7A0 /* Resources */ = {
			isa = PBXResourcesBuildPhase;
			buildActionMask = 2147483647;
			files = (
				5FD7BDFC1F2AF3670076C7A0 /* ic_fingerprint.png in Resources */,
				5FD7BDF61F2AE5130076C7A0 /* bg_pkru.png in Resources */,
				5FD7BE011F2AF4500076C7A0 /* ic_group_add_3x.png in Resources */,
				5FD7BE0A1F2AF7620076C7A0 /* ic_keyboard_arrow_left.png in Resources */,
				5FD7BDEC1F2AE1190076C7A0 /* LaunchScreen.storyboard in Resources */,
				5FD7BE021F2AF4500076C7A0 /* ic_group_add.png in Resources */,
				5FD7BDFA1F2AF3670076C7A0 /* ic_fingerprint_2x.png in Resources */,
				5FD7BDF41F2AE2760076C7A0 /* PKRU.png in Resources */,
				5FD7BDE91F2AE1190076C7A0 /* Assets.xcassets in Resources */,
				5FD7BDE71F2AE1190076C7A0 /* Main.storyboard in Resources */,
				5FD7BE081F2AF7620076C7A0 /* ic_keyboard_arrow_left_2x.png in Resources */,
				5FD7BDFB1F2AF3670076C7A0 /* ic_fingerprint_3x.png in Resources */,
				5FD7BE001F2AF4500076C7A0 /* ic_group_add_2x.png in Resources */,
				5FD7BE091F2AF7620076C7A0 /* ic_keyboard_arrow_left_3x.png in Resources */,
			);
			runOnlyForDeploymentPostprocessing = 0;
		};
/* End PBXResourcesBuildPhase section */

/* Begin PBXSourcesBuildPhase section */
		5FD7BDDA1F2AE1190076C7A0 /* Sources */ = {
			isa = PBXSourcesBuildPhase;
			buildActionMask = 2147483647;
			files = (
				5FD7BE041F2AF5770076C7A0 /* SignUpViewController.swift in Sources */,
				5FD7BDE41F2AE1190076C7A0 /* ViewController.swift in Sources */,
				5FD7BDE21F2AE1190076C7A0 /* AppDelegate.swift in Sources */,
			);
			runOnlyForDeploymentPostprocessing = 0;
		};
/* End PBXSourcesBuildPhase section */

/* Begin PBXVariantGroup section */
		5FD7BDE51F2AE1190076C7A0 /* Main.storyboard */ = {
			isa = PBXVariantGroup;
			children = (
				5FD7BDE61F2AE1190076C7A0 /* Base */,
			);
			name = Main.storyboard;
			sourceTree = "<group>";
		};
		5FD7BDEA1F2AE1190076C7A0 /* LaunchScreen.storyboard */ = {
			isa = PBXVariantGroup;
			children = (
				5FD7BDEB1F2AE1190076C7A0 /* Base */,
			);
			name = LaunchScreen.storyboard;
			sourceTree = "<group>";
		};
/* End PBXVariantGroup section */

/* Begin XCBuildConfiguration section */
		5FD7BDEE1F2AE1190076C7A0 /* Debug */ = {
			isa = XCBuildConfiguration;
			buildSettings = {
				ALWAYS_SEARCH_USER_PATHS = NO;
				CLANG_ANALYZER_NONNULL = YES;
				CLANG_ANALYZER_NUMBER_OBJECT_CONVERSION = YES_AGGRESSIVE;
				CLANG_CXX_LANGUAGE_STANDARD = "gnu++0x";
				CLANG_CXX_LIBRARY = "libc++";
				CLANG_ENABLE_MODULES = YES;
				CLANG_ENABLE_OBJC_ARC = YES;
				CLANG_WARN_BOOL_CONVERSION = YES;
				CLANG_WARN_CONSTANT_CONVERSION = YES;
				CLANG_WARN_DIRECT_OBJC_ISA_USAGE = YES_ERROR;
				CLANG_WARN_DOCUMENTATION_COMMENTS = YES;
				CLANG_WARN_EMPTY_BODY = YES;
				CLANG_WARN_ENUM_CONVERSION = YES;
				CLANG_WARN_INFINITE_RECURSION = YES;
				CLANG_WARN_INT_CONVERSION = YES;
				CLANG_WARN_OBJC_ROOT_CLASS = YES_ERROR;
				CLANG_WARN_SUSPICIOUS_MOVE = YES;
				CLANG_WARN_UNREACHABLE_CODE = YES;
				CLANG_WARN__DUPLICATE_METHOD_MATCH = YES;
				"CODE_SIGN_IDENTITY[sdk=iphoneos*]" = "iPhone Developer";
				COPY_PHASE_STRIP = NO;
				DEBUG_INFORMATION_FORMAT = dwarf;
				ENABLE_STRICT_OBJC_MSGSEND = YES;
				ENABLE_TESTABILITY = YES;
				GCC_C_LANGUAGE_STANDARD = gnu99;
				GCC_DYNAMIC_NO_PIC = NO;
				GCC_NO_COMMON_BLOCKS = YES;
				GCC_OPTIMIZATION_LEVEL = 0;
				GCC_PREPROCESSOR_DEFINITIONS = (
					"DEBUG=1",
					"$(inherited)",
				);
				GCC_WARN_64_TO_32_BIT_CONVERSION = YES;
				GCC_WARN_ABOUT_RETURN_TYPE = YES_ERROR;
				GCC_WARN_UNDECLARED_SELECTOR = YES;
				GCC_WARN_UNINITIALIZED_AUTOS = YES_AGGRESSIVE;
				GCC_WARN_UNUSED_FUNCTION = YES;
				GCC_WARN_UNUSED_VARIABLE = YES;
				IPHONEOS_DEPLOYMENT_TARGET = 10.3;
				MTL_ENABLE_DEBUG_INFO = YES;
				ONLY_ACTIVE_ARCH = YES;
				SDKROOT = iphoneos;
				SWIFT_ACTIVE_COMPILATION_CONDITIONS = DEBUG;
				SWIFT_OPTIMIZATION_LEVEL = "-Onone";
				TARGETED_DEVICE_FAMILY = "1,2";
			};
			name = Debug;
		};
		5FD7BDEF1F2AE1190076C7A0 /* Release */ = {
			isa = XCBuildConfiguration;
			buildSettings = {
				ALWAYS_SEARCH_USER_PATHS = NO;
				CLANG_ANALYZER_NONNULL = YES;
				CLANG_ANALYZER_NUMBER_OBJECT_CONVERSION = YES_AGGRESSIVE;
				CLANG_CXX_LANGUAGE_STANDARD = "gnu++0x";
				CLANG_CXX_LIBRARY = "libc++";
				CLANG_ENABLE_MODULES = YES;
				CLANG_ENABLE_OBJC_ARC = YES;
				CLANG_WARN_BOOL_CONVERSION = YES;
				CLANG_WARN_CONSTANT_CONVERSION = YES;
				CLANG_WARN_DIRECT_OBJC_ISA_USAGE = YES_ERROR;
				CLANG_WARN_DOCUMENTATION_COMMENTS = YES;
				CLANG_WARN_EMPTY_BODY = YES;
				CLANG_WARN_ENUM_CONVERSION = YES;
				CLANG_WARN_INFINITE_RECURSION = YES;
				CLANG_WARN_INT_CONVERSION = YES;
				CLANG_WARN_OBJC_ROOT_CLASS = YES_ERROR;
				CLANG_WARN_SUSPICIOUS_MOVE = YES;
				CLANG_WARN_UNREACHABLE_CODE = YES;
				CLANG_WARN__DUPLICATE_METHOD_MATCH = YES;
				"CODE_SIGN_IDENTITY[sdk=iphoneos*]" = "iPhone Developer";
				COPY_PHASE_STRIP = NO;
				DEBUG_INFORMATION_FORMAT = "dwarf-with-dsym";
				ENABLE_NS_ASSERTIONS = NO;
				ENABLE_STRICT_OBJC_MSGSEND = YES;
				GCC_C_LANGUAGE_STANDARD = gnu99;
				GCC_NO_COMMON_BLOCKS = YES;
				GCC_WARN_64_TO_32_BIT_CONVERSION = YES;
				GCC_WARN_ABOUT_RETURN_TYPE = YES_ERROR;
				GCC_WARN_UNDECLARED_SELECTOR = YES;
				GCC_WARN_UNINITIALIZED_AUTOS = YES_AGGRESSIVE;
				GCC_WARN_UNUSED_FUNCTION = YES;
				GCC_WARN_UNUSED_VARIABLE = YES;
				IPHONEOS_DEPLOYMENT_TARGET = 10.3;
				MTL_ENABLE_DEBUG_INFO = NO;
				SDKROOT = iphoneos;
				SWIFT_OPTIMIZATION_LEVEL = "-Owholemodule";
				TARGETED_DEVICE_FAMILY = "1,2";
				VALIDATE_PRODUCT = YES;
			};
			name = Release;
		};
		5FD7BDF11F2AE1190076C7A0 /* Debug */ = {
			isa = XCBuildConfiguration;
			buildSettings = {
				ASSETCATALOG_COMPILER_APPICON_NAME = AppIcon;
				INFOPLIST_FILE = "PKRU Service/Info.plist";
				LD_RUNPATH_SEARCH_PATHS = "$(inherited) @executable_path/Frameworks";
				PRODUCT_BUNDLE_IDENTIFIER = "Mansuang.PKRU-Service";
				PRODUCT_NAME = "$(TARGET_NAME)";
				SWIFT_VERSION = 3.0;
			};
			name = Debug;
		};
		5FD7BDF21F2AE1190076C7A0 /* Release */ = {
			isa = XCBuildConfiguration;
			buildSettings = {
				ASSETCATALOG_COMPILER_APPICON_NAME = AppIcon;
				INFOPLIST_FILE = "PKRU Service/Info.plist";
				LD_RUNPATH_SEARCH_PATHS = "$(inherited) @executable_path/Frameworks";
				PRODUCT_BUNDLE_IDENTIFIER = "Mansuang.PKRU-Service";
				PRODUCT_NAME = "$(TARGET_NAME)";
				SWIFT_VERSION = 3.0;
			};
			name = Release;
		};
/* End XCBuildConfiguration section */

/* Begin XCConfigurationList section */
		5FD7BDD91F2AE1190076C7A0 /* Build configuration list for PBXProject "PKRU Service" */ = {
			isa = XCConfigurationList;
			buildConfigurations = (
				5FD7BDEE1F2AE1190076C7A0 /* Debug */,
				5FD7BDEF1F2AE1190076C7A0 /* Release */,
			);
			defaultConfigurationIsVisible = 0;
			defaultConfigurationName = Release;
		};
		5FD7BDF01F2AE1190076C7A0 /* Build configuration list for PBXNativeTarget "PKRU Service" */ = {
			isa = XCConfigurationList;
			buildConfigurations = (
				5FD7BDF11F2AE1190076C7A0 /* Debug */,
				5FD7BDF21F2AE1190076C7A0 /* Release */,
			);
			defaultConfigurationIsVisible = 0;
		};
/* End XCConfigurationList section */
	};
	rootObject = 5FD7BDD61F2AE1190076C7A0 /* Project object */;
}
